// !$*UTF8*$!
{
	archiveVersion = 1;
	classes = {
	};
	objectVersion = 46;
	objects = {

/* Begin PBXBuildFile section */
		4377E81F18CB20220021B2D1 /* Foundation.framework in Frameworks */ = {isa = PBXBuildFile; fileRef = 4377E81E18CB20220021B2D1 /* Foundation.framework */; };
		4377E82118CB20220021B2D1 /* CoreGraphics.framework in Frameworks */ = {isa = PBXBuildFile; fileRef = 4377E82018CB20220021B2D1 /* CoreGraphics.framework */; };
		4377E82318CB20220021B2D1 /* UIKit.framework in Frameworks */ = {isa = PBXBuildFile; fileRef = 4377E82218CB20220021B2D1 /* UIKit.framework */; };
		4377E82918CB20220021B2D1 /* InfoPlist.strings in Resources */ = {isa = PBXBuildFile; fileRef = 4377E82718CB20220021B2D1 /* InfoPlist.strings */; };
		4377E82B18CB20220021B2D1 /* main.m in Sources */ = {isa = PBXBuildFile; fileRef = 4377E82A18CB20220021B2D1 /* main.m */; };
		4377E82F18CB20220021B2D1 /* AppDelegate.m in Sources */ = {isa = PBXBuildFile; fileRef = 4377E82E18CB20220021B2D1 /* AppDelegate.m */; };
		4377E83118CB20220021B2D1 /* Images.xcassets in Resources */ = {isa = PBXBuildFile; fileRef = 4377E83018CB20220021B2D1 /* Images.xcassets */; };
		4377E85218CB20410021B2D1 /* UIKit.framework in Frameworks */ = {isa = PBXBuildFile; fileRef = 4377E82218CB20220021B2D1 /* UIKit.framework */; };
		4377E85318CB20410021B2D1 /* Foundation.framework in Frameworks */ = {isa = PBXBuildFile; fileRef = 4377E81E18CB20220021B2D1 /* Foundation.framework */; };
		4377E85418CB20410021B2D1 /* CoreGraphics.framework in Frameworks */ = {isa = PBXBuildFile; fileRef = 4377E82018CB20220021B2D1 /* CoreGraphics.framework */; };
		4377E85A18CB20410021B2D1 /* InfoPlist.strings in Resources */ = {isa = PBXBuildFile; fileRef = 4377E85818CB20410021B2D1 /* InfoPlist.strings */; };
		4377E85C18CB20410021B2D1 /* main.m in Sources */ = {isa = PBXBuildFile; fileRef = 4377E85B18CB20410021B2D1 /* main.m */; };
		4377E86718CB22E30021B2D1 /* Default-568h@2x.png in Resources */ = {isa = PBXBuildFile; fileRef = 4377E86618CB22E30021B2D1 /* Default-568h@2x.png */; };
		43E4400918CB2E99000A5ED9 /* ShopViewController.xib in Resources */ = {isa = PBXBuildFile; fileRef = 43E4400818CB2E99000A5ED9 /* ShopViewController.xib */; };
		43E4400A18CB2E99000A5ED9 /* ShopViewController.xib in Resources */ = {isa = PBXBuildFile; fileRef = 43E4400818CB2E99000A5ED9 /* ShopViewController.xib */; };
		B27A909BDA6760B7F785B206 /* ShopViewController.m in Sources */ = {isa = PBXBuildFile; fileRef = B27A93EA910BCC3B9A804282 /* ShopViewController.m */; };
		B27A9149D9914AF24EF9E8C6 /* AppDelegateSpec.m in Sources */ = {isa = PBXBuildFile; fileRef = B27A967CBDAE716EAD5DDA9A /* AppDelegateSpec.m */; };
		B27A945E2EF1A15FC0B3B81E /* ShopViewController.m in Sources */ = {isa = PBXBuildFile; fileRef = B27A93EA910BCC3B9A804282 /* ShopViewController.m */; };
		B27A9EAF03BA723130ACC3D7 /* AppDelegate.m in Sources */ = {isa = PBXBuildFile; fileRef = 4377E82E18CB20220021B2D1 /* AppDelegate.m */; };
		E49A071C50954E67B1144FF7 /* libPods-specs.a in Frameworks */ = {isa = PBXBuildFile; fileRef = F45E92C1846B4C84A41E86DA /* libPods-specs.a */; };
/* End PBXBuildFile section */

/* Begin PBXFileReference section */
		4377E81B18CB20220021B2D1 /* HarryPotter.app */ = {isa = PBXFileReference; explicitFileType = wrapper.application; includeInIndex = 0; path = HarryPotter.app; sourceTree = BUILT_PRODUCTS_DIR; };
		4377E81E18CB20220021B2D1 /* Foundation.framework */ = {isa = PBXFileReference; lastKnownFileType = wrapper.framework; name = Foundation.framework; path = System/Library/Frameworks/Foundation.framework; sourceTree = SDKROOT; };
		4377E82018CB20220021B2D1 /* CoreGraphics.framework */ = {isa = PBXFileReference; lastKnownFileType = wrapper.framework; name = CoreGraphics.framework; path = System/Library/Frameworks/CoreGraphics.framework; sourceTree = SDKROOT; };
		4377E82218CB20220021B2D1 /* UIKit.framework */ = {isa = PBXFileReference; lastKnownFileType = wrapper.framework; name = UIKit.framework; path = System/Library/Frameworks/UIKit.framework; sourceTree = SDKROOT; };
		4377E82618CB20220021B2D1 /* HarryPotter-Info.plist */ = {isa = PBXFileReference; lastKnownFileType = text.plist.xml; path = "HarryPotter-Info.plist"; sourceTree = "<group>"; };
		4377E82818CB20220021B2D1 /* en */ = {isa = PBXFileReference; lastKnownFileType = text.plist.strings; name = en; path = en.lproj/InfoPlist.strings; sourceTree = "<group>"; };
		4377E82A18CB20220021B2D1 /* main.m */ = {isa = PBXFileReference; lastKnownFileType = sourcecode.c.objc; path = main.m; sourceTree = "<group>"; };
		4377E82C18CB20220021B2D1 /* HarryPotter-Prefix.pch */ = {isa = PBXFileReference; lastKnownFileType = sourcecode.c.h; path = "HarryPotter-Prefix.pch"; sourceTree = "<group>"; };
		4377E82D18CB20220021B2D1 /* AppDelegate.h */ = {isa = PBXFileReference; lastKnownFileType = sourcecode.c.h; path = AppDelegate.h; sourceTree = "<group>"; };
		4377E82E18CB20220021B2D1 /* AppDelegate.m */ = {isa = PBXFileReference; lastKnownFileType = sourcecode.c.objc; path = AppDelegate.m; sourceTree = "<group>"; };
		4377E83018CB20220021B2D1 /* Images.xcassets */ = {isa = PBXFileReference; lastKnownFileType = folder.assetcatalog; path = Images.xcassets; sourceTree = "<group>"; };
		4377E83718CB20220021B2D1 /* XCTest.framework */ = {isa = PBXFileReference; lastKnownFileType = wrapper.framework; name = XCTest.framework; path = Library/Frameworks/XCTest.framework; sourceTree = DEVELOPER_DIR; };
		4377E85118CB20410021B2D1 /* HarryPotterSpecs.app */ = {isa = PBXFileReference; explicitFileType = wrapper.application; includeInIndex = 0; path = HarryPotterSpecs.app; sourceTree = BUILT_PRODUCTS_DIR; };
		4377E85718CB20410021B2D1 /* HarryPotterSpecs-Info.plist */ = {isa = PBXFileReference; lastKnownFileType = text.plist.xml; path = "HarryPotterSpecs-Info.plist"; sourceTree = "<group>"; };
		4377E85918CB20410021B2D1 /* en */ = {isa = PBXFileReference; lastKnownFileType = text.plist.strings; name = en; path = en.lproj/InfoPlist.strings; sourceTree = "<group>"; };
		4377E85B18CB20410021B2D1 /* main.m */ = {isa = PBXFileReference; lastKnownFileType = sourcecode.c.objc; path = main.m; sourceTree = "<group>"; };
		4377E85D18CB20410021B2D1 /* HarryPotterSpecs-Prefix.pch */ = {isa = PBXFileReference; lastKnownFileType = sourcecode.c.h; path = "HarryPotterSpecs-Prefix.pch"; sourceTree = "<group>"; };
		4377E86618CB22E30021B2D1 /* Default-568h@2x.png */ = {isa = PBXFileReference; lastKnownFileType = image.png; path = "Default-568h@2x.png"; sourceTree = "<group>"; };
		43E4400818CB2E99000A5ED9 /* ShopViewController.xib */ = {isa = PBXFileReference; fileEncoding = 4; lastKnownFileType = file.xib; path = ShopViewController.xib; sourceTree = "<group>"; };
		9317BD6D26CF46AEB4568A76 /* Pods-specs.xcconfig */ = {isa = PBXFileReference; includeInIndex = 1; lastKnownFileType = text.xcconfig; name = "Pods-specs.xcconfig"; path = "Pods/Pods-specs.xcconfig"; sourceTree = "<group>"; };
		B27A90CA24D4BA91C999734C /* ShopViewController.h */ = {isa = PBXFileReference; fileEncoding = 4; lastKnownFileType = sourcecode.c.h; path = ShopViewController.h; sourceTree = "<group>"; };
		B27A93EA910BCC3B9A804282 /* ShopViewController.m */ = {isa = PBXFileReference; fileEncoding = 4; lastKnownFileType = sourcecode.c.objc; path = ShopViewController.m; sourceTree = "<group>"; };
		B27A95A86B35FCE211D21B8E /* Specs.h */ = {isa = PBXFileReference; fileEncoding = 4; lastKnownFileType = sourcecode.c.h; path = Specs.h; sourceTree = "<group>"; };
		B27A967CBDAE716EAD5DDA9A /* AppDelegateSpec.m */ = {isa = PBXFileReference; fileEncoding = 4; lastKnownFileType = sourcecode.c.objc; path = AppDelegateSpec.m; sourceTree = "<group>"; };
		F45E92C1846B4C84A41E86DA /* libPods-specs.a */ = {isa = PBXFileReference; explicitFileType = archive.ar; includeInIndex = 0; path = "libPods-specs.a"; sourceTree = BUILT_PRODUCTS_DIR; };
/* End PBXFileReference section */

/* Begin PBXFrameworksBuildPhase section */
		4377E81818CB20220021B2D1 /* Frameworks */ = {
			isa = PBXFrameworksBuildPhase;
			buildActionMask = 2147483647;
			files = (
				4377E82118CB20220021B2D1 /* CoreGraphics.framework in Frameworks */,
				4377E82318CB20220021B2D1 /* UIKit.framework in Frameworks */,
				4377E81F18CB20220021B2D1 /* Foundation.framework in Frameworks */,
			);
			runOnlyForDeploymentPostprocessing = 0;
		};
		4377E84E18CB20410021B2D1 /* Frameworks */ = {
			isa = PBXFrameworksBuildPhase;
			buildActionMask = 2147483647;
			files = (
				4377E85418CB20410021B2D1 /* CoreGraphics.framework in Frameworks */,
				4377E85218CB20410021B2D1 /* UIKit.framework in Frameworks */,
				4377E85318CB20410021B2D1 /* Foundation.framework in Frameworks */,
				E49A071C50954E67B1144FF7 /* libPods-specs.a in Frameworks */,
			);
			runOnlyForDeploymentPostprocessing = 0;
		};
/* End PBXFrameworksBuildPhase section */

/* Begin PBXGroup section */
		4377E81218CB20220021B2D1 = {
			isa = PBXGroup;
			children = (
				4377E86618CB22E30021B2D1 /* Default-568h@2x.png */,
				4377E82418CB20220021B2D1 /* HarryPotter */,
				4377E85518CB20410021B2D1 /* HarryPotterSpecs */,
				4377E81D18CB20220021B2D1 /* Frameworks */,
				4377E81C18CB20220021B2D1 /* Products */,
				9317BD6D26CF46AEB4568A76 /* Pods-specs.xcconfig */,
			);
			sourceTree = "<group>";
		};
		4377E81C18CB20220021B2D1 /* Products */ = {
			isa = PBXGroup;
			children = (
				4377E81B18CB20220021B2D1 /* HarryPotter.app */,
				4377E85118CB20410021B2D1 /* HarryPotterSpecs.app */,
			);
			name = Products;
			sourceTree = "<group>";
		};
		4377E81D18CB20220021B2D1 /* Frameworks */ = {
			isa = PBXGroup;
			children = (
				4377E81E18CB20220021B2D1 /* Foundation.framework */,
				4377E82018CB20220021B2D1 /* CoreGraphics.framework */,
				4377E82218CB20220021B2D1 /* UIKit.framework */,
				4377E83718CB20220021B2D1 /* XCTest.framework */,
				F45E92C1846B4C84A41E86DA /* libPods-specs.a */,
			);
			name = Frameworks;
			sourceTree = "<group>";
		};
		4377E82418CB20220021B2D1 /* HarryPotter */ = {
			isa = PBXGroup;
			children = (
				4377E82D18CB20220021B2D1 /* AppDelegate.h */,
				4377E82E18CB20220021B2D1 /* AppDelegate.m */,
				4377E83018CB20220021B2D1 /* Images.xcassets */,
				4377E82518CB20220021B2D1 /* Supporting Files */,
				B27A99D65D8BEE5D2A5B9CA4 /* Shop View */,
			);
			path = HarryPotter;
			sourceTree = "<group>";
		};
		4377E82518CB20220021B2D1 /* Supporting Files */ = {
			isa = PBXGroup;
			children = (
				4377E82618CB20220021B2D1 /* HarryPotter-Info.plist */,
				4377E82718CB20220021B2D1 /* InfoPlist.strings */,
				4377E82A18CB20220021B2D1 /* main.m */,
				4377E82C18CB20220021B2D1 /* HarryPotter-Prefix.pch */,
			);
			name = "Supporting Files";
			sourceTree = "<group>";
		};
		4377E85518CB20410021B2D1 /* HarryPotterSpecs */ = {
			isa = PBXGroup;
			children = (
				4377E85618CB20410021B2D1 /* Supporting Files */,
				B27A9E2B2A0DC0CB79888FF9 /* Specs */,
			);
			path = HarryPotterSpecs;
			sourceTree = "<group>";
		};
		4377E85618CB20410021B2D1 /* Supporting Files */ = {
			isa = PBXGroup;
			children = (
				4377E85718CB20410021B2D1 /* HarryPotterSpecs-Info.plist */,
				4377E85818CB20410021B2D1 /* InfoPlist.strings */,
				4377E85B18CB20410021B2D1 /* main.m */,
				4377E85D18CB20410021B2D1 /* HarryPotterSpecs-Prefix.pch */,
				B27A95A86B35FCE211D21B8E /* Specs.h */,
			);
			name = "Supporting Files";
			sourceTree = "<group>";
		};
		B27A99D65D8BEE5D2A5B9CA4 /* Shop View */ = {
			isa = PBXGroup;
			children = (
				B27A93EA910BCC3B9A804282 /* ShopViewController.m */,
				B27A90CA24D4BA91C999734C /* ShopViewController.h */,
				43E4400818CB2E99000A5ED9 /* ShopViewController.xib */,
			);
			path = "Shop View";
			sourceTree = "<group>";
		};
		B27A9E2B2A0DC0CB79888FF9 /* Specs */ = {
			isa = PBXGroup;
			children = (
				B27A967CBDAE716EAD5DDA9A /* AppDelegateSpec.m */,
			);
			path = Specs;
			sourceTree = "<group>";
		};
/* End PBXGroup section */

/* Begin PBXNativeTarget section */
		4377E81A18CB20220021B2D1 /* HarryPotter */ = {
			isa = PBXNativeTarget;
			buildConfigurationList = 4377E84718CB20220021B2D1 /* Build configuration list for PBXNativeTarget "HarryPotter" */;
			buildPhases = (
				4377E81718CB20220021B2D1 /* Sources */,
				4377E81818CB20220021B2D1 /* Frameworks */,
				4377E81918CB20220021B2D1 /* Resources */,
			);
			buildRules = (
			);
			dependencies = (
			);
			name = HarryPotter;
			productName = HarryPotter;
			productReference = 4377E81B18CB20220021B2D1 /* HarryPotter.app */;
			productType = "com.apple.product-type.application";
		};
		4377E85018CB20410021B2D1 /* HarryPotterSpecs */ = {
			isa = PBXNativeTarget;
			buildConfigurationList = 4377E86318CB20420021B2D1 /* Build configuration list for PBXNativeTarget "HarryPotterSpecs" */;
			buildPhases = (
				8B0BB0CD5EC449B9943243F2 /* Check Pods Manifest.lock */,
				4377E84D18CB20410021B2D1 /* Sources */,
				4377E84E18CB20410021B2D1 /* Frameworks */,
				4377E84F18CB20410021B2D1 /* Resources */,
				F6E79741FD684588BCC5B5B0 /* Copy Pods Resources */,
			);
			buildRules = (
			);
			dependencies = (
			);
			name = HarryPotterSpecs;
			productName = HarryPotterSpecs;
			productReference = 4377E85118CB20410021B2D1 /* HarryPotterSpecs.app */;
			productType = "com.apple.product-type.application";
		};
/* End PBXNativeTarget section */

/* Begin PBXProject section */
		4377E81318CB20220021B2D1 /* Project object */ = {
			isa = PBXProject;
			attributes = {
				LastUpgradeCheck = 0500;
				ORGANIZATIONNAME = MobileWarsaw;
			};
			buildConfigurationList = 4377E81618CB20220021B2D1 /* Build configuration list for PBXProject "HarryPotter" */;
			compatibilityVersion = "Xcode 3.2";
			developmentRegion = English;
			hasScannedForEncodings = 0;
			knownRegions = (
				en,
			);
			mainGroup = 4377E81218CB20220021B2D1;
			productRefGroup = 4377E81C18CB20220021B2D1 /* Products */;
			projectDirPath = "";
			projectRoot = "";
			targets = (
				4377E81A18CB20220021B2D1 /* HarryPotter */,
				4377E85018CB20410021B2D1 /* HarryPotterSpecs */,
			);
		};
/* End PBXProject section */

/* Begin PBXResourcesBuildPhase section */
		4377E81918CB20220021B2D1 /* Resources */ = {
			isa = PBXResourcesBuildPhase;
			buildActionMask = 2147483647;
			files = (
				43E4400918CB2E99000A5ED9 /* ShopViewController.xib in Resources */,
				4377E82918CB20220021B2D1 /* InfoPlist.strings in Resources */,
				4377E83118CB20220021B2D1 /* Images.xcassets in Resources */,
			);
			runOnlyForDeploymentPostprocessing = 0;
		};
		4377E84F18CB20410021B2D1 /* Resources */ = {
			isa = PBXResourcesBuildPhase;
			buildActionMask = 2147483647;
			files = (
				43E4400A18CB2E99000A5ED9 /* ShopViewController.xib in Resources */,
				4377E85A18CB20410021B2D1 /* InfoPlist.strings in Resources */,
				4377E86718CB22E30021B2D1 /* Default-568h@2x.png in Resources */,
			);
			runOnlyForDeploymentPostprocessing = 0;
		};
/* End PBXResourcesBuildPhase section */

/* Begin PBXShellScriptBuildPhase section */
		8B0BB0CD5EC449B9943243F2 /* Check Pods Manifest.lock */ = {
			isa = PBXShellScriptBuildPhase;
			buildActionMask = 2147483647;
			files = (
			);
			inputPaths = (
			);
			name = "Check Pods Manifest.lock";
			outputPaths = (
			);
			runOnlyForDeploymentPostprocessing = 0;
			shellPath = /bin/sh;
			shellScript = "diff \"${PODS_ROOT}/../Podfile.lock\" \"${PODS_ROOT}/Manifest.lock\" > /dev/null\nif [[ $? != 0 ]] ; then\n    cat << EOM\nerror: The sandbox is not in sync with the Podfile.lock. Run 'pod install' or update your CocoaPods installation.\nEOM\n    exit 1\nfi\n";
			showEnvVarsInLog = 0;
		};
		F6E79741FD684588BCC5B5B0 /* Copy Pods Resources */ = {
			isa = PBXShellScriptBuildPhase;
			buildActionMask = 2147483647;
			files = (
			);
			inputPaths = (
			);
			name = "Copy Pods Resources";
			outputPaths = (
			);
			runOnlyForDeploymentPostprocessing = 0;
			shellPath = /bin/sh;
			shellScript = "\"${SRCROOT}/Pods/Pods-specs-resources.sh\"\n";
			showEnvVarsInLog = 0;
		};
/* End PBXShellScriptBuildPhase section */

/* Begin PBXSourcesBuildPhase section */
		4377E81718CB20220021B2D1 /* Sources */ = {
			isa = PBXSourcesBuildPhase;
			buildActionMask = 2147483647;
			files = (
				4377E82F18CB20220021B2D1 /* AppDelegate.m in Sources */,
				4377E82B18CB20220021B2D1 /* main.m in Sources */,
				B27A945E2EF1A15FC0B3B81E /* ShopViewController.m in Sources */,
			);
			runOnlyForDeploymentPostprocessing = 0;
		};
		4377E84D18CB20410021B2D1 /* Sources */ = {
			isa = PBXSourcesBuildPhase;
			buildActionMask = 2147483647;
			files = (
				4377E85C18CB20410021B2D1 /* main.m in Sources */,
				B27A9149D9914AF24EF9E8C6 /* AppDelegateSpec.m in Sources */,
				B27A909BDA6760B7F785B206 /* ShopViewController.m in Sources */,
				B27A9EAF03BA723130ACC3D7 /* AppDelegate.m in Sources */,
			);
			runOnlyForDeploymentPostprocessing = 0;
		};
/* End PBXSourcesBuildPhase section */

/* Begin PBXVariantGroup section */
		4377E82718CB20220021B2D1 /* InfoPlist.strings */ = {
			isa = PBXVariantGroup;
			children = (
				4377E82818CB20220021B2D1 /* en */,
			);
			name = InfoPlist.strings;
			sourceTree = "<group>";
		};
		4377E85818CB20410021B2D1 /* InfoPlist.strings */ = {
			isa = PBXVariantGroup;
			children = (
				4377E85918CB20410021B2D1 /* en */,
			);
			name = InfoPlist.strings;
			sourceTree = "<group>";
		};
/* End PBXVariantGroup section */

/* Begin XCBuildConfiguration section */
		4377E84518CB20220021B2D1 /* Debug */ = {
			isa = XCBuildConfiguration;
			buildSettings = {
				ALWAYS_SEARCH_USER_PATHS = NO;
				ARCHS = "$(ARCHS_STANDARD_INCLUDING_64_BIT)";
				CLANG_ENABLE_MODULES = YES;
				CLANG_ENABLE_OBJC_ARC = YES;
				CLANG_WARN_BOOL_CONVERSION = YES;
				CLANG_WARN_CONSTANT_CONVERSION = YES;
				CLANG_WARN_DIRECT_OBJC_ISA_USAGE = YES_ERROR;
				CLANG_WARN_EMPTY_BODY = YES;
				CLANG_WARN_ENUM_CONVERSION = YES;
				CLANG_WARN_INT_CONVERSION = YES;
				CLANG_WARN_OBJC_ROOT_CLASS = YES_ERROR;
				CLANG_WARN__DUPLICATE_METHOD_MATCH = YES;
				"CODE_SIGN_IDENTITY[sdk=iphoneos*]" = "iPhone Developer";
				COPY_PHASE_STRIP = NO;
				GCC_C_LANGUAGE_STANDARD = gnu99;
				GCC_DYNAMIC_NO_PIC = NO;
				GCC_OPTIMIZATION_LEVEL = 0;
				GCC_PREPROCESSOR_DEFINITIONS = (
					"DEBUG=1",
					"$(inherited)",
				);
				GCC_SYMBOLS_PRIVATE_EXTERN = NO;
				GCC_WARN_64_TO_32_BIT_CONVERSION = YES;
				GCC_WARN_ABOUT_RETURN_TYPE = YES_ERROR;
				GCC_WARN_UNDECLARED_SELECTOR = YES;
				GCC_WARN_UNINITIALIZED_AUTOS = YES;
				GCC_WARN_UNUSED_FUNCTION = YES;
				GCC_WARN_UNUSED_VARIABLE = YES;
				IPHONEOS_DEPLOYMENT_TARGET = 7.0;
				ONLY_ACTIVE_ARCH = YES;
				OTHER_LDFLAGS = "${inhertied}";
				SDKROOT = iphoneos;
			};
			name = Debug;
		};
		4377E84618CB20220021B2D1 /* Release */ = {
			isa = XCBuildConfiguration;
			buildSettings = {
				ALWAYS_SEARCH_USER_PATHS = NO;
				ARCHS = "$(ARCHS_STANDARD_INCLUDING_64_BIT)";
				CLANG_ENABLE_MODULES = YES;
				CLANG_ENABLE_OBJC_ARC = YES;
				CLANG_WARN_BOOL_CONVERSION = YES;
				CLANG_WARN_CONSTANT_CONVERSION = YES;
				CLANG_WARN_DIRECT_OBJC_ISA_USAGE = YES_ERROR;
				CLANG_WARN_EMPTY_BODY = YES;
				CLANG_WARN_ENUM_CONVERSION = YES;
				CLANG_WARN_INT_CONVERSION = YES;
				CLANG_WARN_OBJC_ROOT_CLASS = YES_ERROR;
				CLANG_WARN__DUPLICATE_METHOD_MATCH = YES;
				"CODE_SIGN_IDENTITY[sdk=iphoneos*]" = "iPhone Developer";
				COPY_PHASE_STRIP = YES;
				ENABLE_NS_ASSERTIONS = NO;
				GCC_C_LANGUAGE_STANDARD = gnu99;
				GCC_WARN_64_TO_32_BIT_CONVERSION = YES;
				GCC_WARN_ABOUT_RETURN_TYPE = YES_ERROR;
				GCC_WARN_UNDECLARED_SELECTOR = YES;
				GCC_WARN_UNINITIALIZED_AUTOS = YES;
				GCC_WARN_UNUSED_FUNCTION = YES;
				GCC_WARN_UNUSED_VARIABLE = YES;
				IPHONEOS_DEPLOYMENT_TARGET = 7.0;
				OTHER_LDFLAGS = "${inhertied}";
				SDKROOT = iphoneos;
				VALIDATE_PRODUCT = YES;
			};
			name = Release;
		};
		4377E84818CB20220021B2D1 /* Debug */ = {
			isa = XCBuildConfiguration;
			buildSettings = {
				ASSETCATALOG_COMPILER_APPICON_NAME = AppIcon;
				ASSETCATALOG_COMPILER_LAUNCHIMAGE_NAME = LaunchImage;
				GCC_PRECOMPILE_PREFIX_HEADER = YES;
				GCC_PREFIX_HEADER = "HarryPotter/HarryPotter-Prefix.pch";
				INFOPLIST_FILE = "HarryPotter/HarryPotter-Info.plist";
				PRODUCT_NAME = "$(TARGET_NAME)";
				WRAPPER_EXTENSION = app;
			};
			name = Debug;
		};
		4377E84918CB20220021B2D1 /* Release */ = {
			isa = XCBuildConfiguration;
			buildSettings = {
				ASSETCATALOG_COMPILER_APPICON_NAME = AppIcon;
				ASSETCATALOG_COMPILER_LAUNCHIMAGE_NAME = LaunchImage;
				GCC_PRECOMPILE_PREFIX_HEADER = YES;
				GCC_PREFIX_HEADER = "HarryPotter/HarryPotter-Prefix.pch";
				INFOPLIST_FILE = "HarryPotter/HarryPotter-Info.plist";
				PRODUCT_NAME = "$(TARGET_NAME)";
				WRAPPER_EXTENSION = app;
			};
			name = Release;
		};
		4377E86418CB20420021B2D1 /* Debug */ = {
			isa = XCBuildConfiguration;
			baseConfigurationReference = 9317BD6D26CF46AEB4568A76 /* Pods-specs.xcconfig */;
			buildSettings = {
				"CODE_SIGN_IDENTITY[sdk=iphoneos*]" = "iPhone Developer";
				FRAMEWORK_SEARCH_PATHS = (
					"$(inherited)",
					"/Users/eldudi/Workspace/tdd-workshop/Katas/HarryPotter/HarryPotterSpecs/Frameworks",
				);
				GCC_PRECOMPILE_PREFIX_HEADER = YES;
				GCC_PREFIX_HEADER = "HarryPotterSpecs/HarryPotterSpecs-Prefix.pch";
				GCC_PREPROCESSOR_DEFINITIONS = (
					"DEBUG=1",
					"$(inherited)",
				);
				INFOPLIST_FILE = "HarryPotterSpecs/HarryPotterSpecs-Info.plist";
				OTHER_LDFLAGS = (
					"-ObjC",
					"-framework",
					Foundation,
					"${inherited}",
					"-lc++",
				);
				PRODUCT_NAME = "$(TARGET_NAME)";
				WRAPPER_EXTENSION = app;
			};
			name = Debug;
		};
		4377E86518CB20420021B2D1 /* Release */ = {
			isa = XCBuildConfiguration;
			baseConfigurationReference = 9317BD6D26CF46AEB4568A76 /* Pods-specs.xcconfig */;
			buildSettings = {
				"CODE_SIGN_IDENTITY[sdk=iphoneos*]" = "iPhone Developer";
				FRAMEWORK_SEARCH_PATHS = (
					"$(inherited)",
					"/Users/eldudi/Workspace/tdd-workshop/Katas/HarryPotter/HarryPotterSpecs/Frameworks",
				);
				GCC_PRECOMPILE_PREFIX_HEADER = YES;
				GCC_PREFIX_HEADER = "HarryPotterSpecs/HarryPotterSpecs-Prefix.pch";
				INFOPLIST_FILE = "HarryPotterSpecs/HarryPotterSpecs-Info.plist";
				OTHER_CFLAGS = "-DNS_BLOCK_ASSERTIONS=1";
				OTHER_LDFLAGS = (
					"-ObjC",
					"-framework",
					Foundation,
					"${inherited}",
					"-lc++",
				);
				PRODUCT_NAME = "$(TARGET_NAME)";
				WRAPPER_EXTENSION = app;
			};
			name = Release;
		};
/* End XCBuildConfiguration section */

/* Begin XCConfigurationList section */
		4377E81618CB20220021B2D1 /* Build configuration list for PBXProject "HarryPotter" */ = {
			isa = XCConfigurationList;
			buildConfigurations = (
				4377E84518CB20220021B2D1 /* Debug */,
				4377E84618CB20220021B2D1 /* Release */,
			);
			defaultConfigurationIsVisible = 0;
			defaultConfigurationName = Release;
		};
		4377E84718CB20220021B2D1 /* Build configuration list for PBXNativeTarget "HarryPotter" */ = {
			isa = XCConfigurationList;
			buildConfigurations = (
				4377E84818CB20220021B2D1 /* Debug */,
				4377E84918CB20220021B2D1 /* Release */,
			);
			defaultConfigurationIsVisible = 0;
			defaultConfigurationName = Release;
		};
		4377E86318CB20420021B2D1 /* Build configuration list for PBXNativeTarget "HarryPotterSpecs" */ = {
			isa = XCConfigurationList;
			buildConfigurations = (
				4377E86418CB20420021B2D1 /* Debug */,
				4377E86518CB20420021B2D1 /* Release */,
			);
			defaultConfigurationIsVisible = 0;
			defaultConfigurationName = Release;
		};
/* End XCConfigurationList section */
	};
	rootObject = 4377E81318CB20220021B2D1 /* Project object */;
}
